
Microsoft Visual Studio Solution File, Format Version 12.00
# Visual Studio Version 17
VisualStudioVersion = 17.2.32616.157
MinimumVisualStudioVersion = 10.0.40219.1
Project("{2150E333-8FDC-42A3-9474-1A3956D46DE8}") = "src", "src", "{906A8239-B497-43BD-9F8E-CF08FC74A58B}"
EndProject
Project("{2150E333-8FDC-42A3-9474-1A3956D46DE8}") = "test", "test", "{46CEA020-E5D9-4D97-B509-037C41B85E0F}"
EndProject
Project("{FAE04EC0-301F-11D3-BF4B-00C04F79EFBC}") = "Chippy8.App", "Chippy8\src\Chippy8.App\Chippy8.App.csproj", "{FEDD22F7-079D-47CE-B935-F4E6CA1813D8}"
EndProject
Project("{9A19103F-16F7-4668-BE54-9A1E7A4F7556}") = "Chippy8.Core", "Chippy8\src\Chippy8.Core\Chippy8.Core.csproj", "{DCF8B0B5-61FE-41DA-B883-7D2E24AC9EB7}"
EndProject
Project("{9A19103F-16F7-4668-BE54-9A1E7A4F7556}") = "Chippy8.GUI", "Chippy8\src\Chippy8.GUI\Chippy8.GUI.csproj", "{D4BAF260-02C3-4777-8A59-40DB533BFEC4}"
EndProject
Global
	GlobalSection(SolutionConfigurationPlatforms) = preSolution
		Debug|Any CPU = Debug|Any CPU
		Release|Any CPU = Release|Any CPU
	EndGlobalSection
	GlobalSection(ProjectConfigurationPlatforms) = postSolution
		{FEDD22F7-079D-47CE-B935-F4E6CA1813D8}.Debug|Any CPU.ActiveCfg = Debug|Any CPU
		{FEDD22F7-079D-47CE-B935-F4E6CA1813D8}.Debug|Any CPU.Build.0 = Debug|Any CPU
		{FEDD22F7-079D-47CE-B935-F4E6CA1813D8}.Release|Any CPU.ActiveCfg = Release|Any CPU
		{FEDD22F7-079D-47CE-B935-F4E6CA1813D8}.Release|Any CPU.Build.0 = Release|Any CPU
		{DCF8B0B5-61FE-41DA-B883-7D2E24AC9EB7}.Debug|Any CPU.ActiveCfg = Debug|Any CPU
		{DCF8B0B5-61FE-41DA-B883-7D2E24AC9EB7}.Debug|Any CPU.Build.0 = Debug|Any CPU
		{DCF8B0B5-61FE-41DA-B883-7D2E24AC9EB7}.Release|Any CPU.ActiveCfg = Release|Any CPU
		{DCF8B0B5-61FE-41DA-B883-7D2E24AC9EB7}.Release|Any CPU.Build.0 = Release|Any CPU
		{D4BAF260-02C3-4777-8A59-40DB533BFEC4}.Debug|Any CPU.ActiveCfg = Debug|Any CPU
		{D4BAF260-02C3-4777-8A59-40DB533BFEC4}.Debug|Any CPU.Build.0 = Debug|Any CPU
		{D4BAF260-02C3-4777-8A59-40DB533BFEC4}.Release|Any CPU.ActiveCfg = Release|Any CPU
		{D4BAF260-02C3-4777-8A59-40DB533BFEC4}.Release|Any CPU.Build.0 = Release|Any CPU
	EndGlobalSection
	GlobalSection(SolutionProperties) = preSolution
		HideSolutionNode = FALSE
	EndGlobalSection
	GlobalSection(NestedProjects) = preSolution
		{FEDD22F7-079D-47CE-B935-F4E6CA1813D8} = {906A8239-B497-43BD-9F8E-CF08FC74A58B}
		{DCF8B0B5-61FE-41DA-B883-7D2E24AC9EB7} = {906A8239-B497-43BD-9F8E-CF08FC74A58B}
		{D4BAF260-02C3-4777-8A59-40DB533BFEC4} = {906A8239-B497-43BD-9F8E-CF08FC74A58B}
	EndGlobalSection
	GlobalSection(ExtensibilityGlobals) = postSolution
		SolutionGuid = {A9690F4B-D143-4003-B1FE-E232091878BD}
	EndGlobalSection
EndGlobal
